
Microsoft Visual Studio Solution File, Format Version 12.00
# Visual Studio Version 17
VisualStudioVersion = 17.10.35027.167
MinimumVisualStudioVersion = 10.0.40219.1
Project("{FAE04EC0-301F-11D3-BF4B-00C04F79EFBC}") = "Assignment", "Assignment\Assignment.csproj", "{5CF94442-CFBE-4619-BA8B-A4DBC958F0BF}"
EndProject
Global
	GlobalSection(SolutionConfigurationPlatforms) = preSolution
		Debug|Any CPU = Debug|Any CPU
		Release|Any CPU = Release|Any CPU
	EndGlobalSection
	GlobalSection(ProjectConfigurationPlatforms) = postSolution
		{5CF94442-CFBE-4619-BA8B-A4DBC958F0BF}.Debug|Any CPU.ActiveCfg = Debug|Any CPU
		{5CF94442-CFBE-4619-BA8B-A4DBC958F0BF}.Debug|Any CPU.Build.0 = Debug|Any CPU
		{5CF94442-CFBE-4619-BA8B-A4DBC958F0BF}.Release|Any CPU.ActiveCfg = Release|Any CPU
		{5CF94442-CFBE-4619-BA8B-A4DBC958F0BF}.Release|Any CPU.Build.0 = Release|Any CPU
	EndGlobalSection
	GlobalSection(SolutionProperties) = preSolution
		HideSolutionNode = FALSE
	EndGlobalSection
	GlobalSection(ExtensibilityGlobals) = postSolution
		SolutionGuid = {595E2105-492F-4A32-A61B-D41C2691AE3D}
	EndGlobalSection
EndGlobal
